Microsoft Visual Studio Solution File, Format Version 11.00
# Visual Studio 2010
Project("{F184B08F-C81C-45F6-A57F-5ABD9991F28F}") = "PivotLayoutLoader", "PivotLayoutLoader\PivotLayoutLoader.vbproj", "{AEBD0BC7-0AF6-46EC-A385-3EDBFAC6FACD}"
EndProject
Project("{F184B08F-C81C-45F6-A57F-5ABD9991F28F}") = "PivotLayoutCreator", "PivotLayoutCreator\PivotLayoutCreator.vbproj", "{8A4F8467-D1AD-4C5E-BF1C-5C2B19C596E0}"
	ProjectSection(ProjectDependencies) = postProject
		{AEBD0BC7-0AF6-46EC-A385-3EDBFAC6FACD} = {AEBD0BC7-0AF6-46EC-A385-3EDBFAC6FACD}
	EndProjectSection
EndProject
Global
	GlobalSection(SolutionConfigurationPlatforms) = preSolution
		Debug|x86 = Debug|x86
		Release|x86 = Release|x86
	EndGlobalSection
	GlobalSection(ProjectConfigurationPlatforms) = postSolution
		{AEBD0BC7-0AF6-46EC-A385-3EDBFAC6FACD}.Debug|x86.ActiveCfg = Debug|x86
		{AEBD0BC7-0AF6-46EC-A385-3EDBFAC6FACD}.Debug|x86.Build.0 = Debug|x86
		{AEBD0BC7-0AF6-46EC-A385-3EDBFAC6FACD}.Release|x86.ActiveCfg = Release|x86
		{8A4F8467-D1AD-4C5E-BF1C-5C2B19C596E0}.Debug|x86.ActiveCfg = Debug|Any CPU
		{8A4F8467-D1AD-4C5E-BF1C-5C2B19C596E0}.Debug|x86.Build.0 = Debug|Any CPU
		{8A4F8467-D1AD-4C5E-BF1C-5C2B19C596E0}.Release|x86.ActiveCfg = Release|Any CPU
	EndGlobalSection
	GlobalSection(SolutionProperties) = preSolution
		HideSolutionNode = FALSE
	EndGlobalSection
EndGlobal
